
Microsoft Visual Studio Solution File, Format Version 12.00
# Visual Studio Version 17
VisualStudioVersion = 17.3.32901.215
MinimumVisualStudioVersion = 10.0.40219.1
Project("{FAE04EC0-301F-11D3-BF4B-00C04F79EFBC}") = "SiloHost", "SiloHost\SiloHost.csproj", "{46EDF914-267F-4ECB-9374-C2EB45CA35A0}"
EndProject
Project("{FAE04EC0-301F-11D3-BF4B-00C04F79EFBC}") = "StocksStreamSubscriptionClient", "StocksStreamSubscriptionClient\StocksStreamSubscriptionClient.csproj", "{68E2D429-BD9C-41DF-9FC1-52FA9CAE4036}"
EndProject
Project("{FAE04EC0-301F-11D3-BF4B-00C04F79EFBC}") = "Grains", "Grains\Grains.csproj", "{74CD314C-BA3C-4345-A8C1-87B6E426EF96}"
EndProject
Project("{FAE04EC0-301F-11D3-BF4B-00C04F79EFBC}") = "Interfaces", "Interfaces\Interfaces.csproj", "{8C13BA85-E71D-490A-AFA9-299DE6368E2B}"
EndProject
Global
	GlobalSection(SolutionConfigurationPlatforms) = preSolution
		Debug|Any CPU = Debug|Any CPU
		Release|Any CPU = Release|Any CPU
	EndGlobalSection
	GlobalSection(ProjectConfigurationPlatforms) = postSolution
		{46EDF914-267F-4ECB-9374-C2EB45CA35A0}.Debug|Any CPU.ActiveCfg = Debug|Any CPU
		{46EDF914-267F-4ECB-9374-C2EB45CA35A0}.Debug|Any CPU.Build.0 = Debug|Any CPU
		{46EDF914-267F-4ECB-9374-C2EB45CA35A0}.Release|Any CPU.ActiveCfg = Release|Any CPU
		{46EDF914-267F-4ECB-9374-C2EB45CA35A0}.Release|Any CPU.Build.0 = Release|Any CPU
		{68E2D429-BD9C-41DF-9FC1-52FA9CAE4036}.Debug|Any CPU.ActiveCfg = Debug|Any CPU
		{68E2D429-BD9C-41DF-9FC1-52FA9CAE4036}.Debug|Any CPU.Build.0 = Debug|Any CPU
		{68E2D429-BD9C-41DF-9FC1-52FA9CAE4036}.Release|Any CPU.ActiveCfg = Release|Any CPU
		{68E2D429-BD9C-41DF-9FC1-52FA9CAE4036}.Release|Any CPU.Build.0 = Release|Any CPU
		{74CD314C-BA3C-4345-A8C1-87B6E426EF96}.Debug|Any CPU.ActiveCfg = Debug|Any CPU
		{74CD314C-BA3C-4345-A8C1-87B6E426EF96}.Debug|Any CPU.Build.0 = Debug|Any CPU
		{74CD314C-BA3C-4345-A8C1-87B6E426EF96}.Release|Any CPU.ActiveCfg = Release|Any CPU
		{74CD314C-BA3C-4345-A8C1-87B6E426EF96}.Release|Any CPU.Build.0 = Release|Any CPU
		{8C13BA85-E71D-490A-AFA9-299DE6368E2B}.Debug|Any CPU.ActiveCfg = Debug|Any CPU
		{8C13BA85-E71D-490A-AFA9-299DE6368E2B}.Debug|Any CPU.Build.0 = Debug|Any CPU
		{8C13BA85-E71D-490A-AFA9-299DE6368E2B}.Release|Any CPU.ActiveCfg = Release|Any CPU
		{8C13BA85-E71D-490A-AFA9-299DE6368E2B}.Release|Any CPU.Build.0 = Release|Any CPU
	EndGlobalSection
	GlobalSection(SolutionProperties) = preSolution
		HideSolutionNode = FALSE
	EndGlobalSection
	GlobalSection(ExtensibilityGlobals) = postSolution
		SolutionGuid = {588C8B6F-C730-431A-BD4E-30509422F45A}
	EndGlobalSection
EndGlobal
